// !$*UTF8*$!
{
	archiveVersion = 1;
	classes = {
	};
	objectVersion = 46;
	objects = {

/* Begin PBXBuildFile section */
		9AF4769C1C7CBF03002CFF52 /* main.cpp in Sources */ = {isa = PBXBuildFile; fileRef = 9AF4769B1C7CBF03002CFF52 /* main.cpp */; };
		9AF476A41C7CBFE6002CFF52 /* linkedlist_imp.cpp in Sources */ = {isa = PBXBuildFile; fileRef = 9AF476A31C7CBFE6002CFF52 /* linkedlist_imp.cpp */; };
/* End PBXBuildFile section */

/* Begin PBXCopyFilesBuildPhase section */
		9AF476961C7CBF03002CFF52 /* CopyFiles */ = {
			isa = PBXCopyFilesBuildPhase;
			buildActionMask = 2147483647;
			dstPath = /usr/share/man/man1/;
			dstSubfolderSpec = 0;
			files = (
			);
			runOnlyForDeploymentPostprocessing = 1;
		};
/* End PBXCopyFilesBuildPhase section */

/* Begin PBXFileReference section */
		9AF476981C7CBF03002CFF52 /* LinkedLists */ = {isa = PBXFileReference; explicitFileType = "compiled.mach-o.executable"; includeInIndex = 0; path = LinkedLists; sourceTree = BUILT_PRODUCTS_DIR; };
		9AF4769B1C7CBF03002CFF52 /* main.cpp */ = {isa = PBXFileReference; lastKnownFileType = sourcecode.cpp.cpp; path = main.cpp; sourceTree = "<group>"; };
		9AF476A21C7CBF4C002CFF52 /* linkedlist.h */ = {isa = PBXFileReference; fileEncoding = 4; lastKnownFileType = sourcecode.c.h; path = linkedlist.h; sourceTree = "<group>"; };
		9AF476A31C7CBFE6002CFF52 /* linkedlist_imp.cpp */ = {isa = PBXFileReference; fileEncoding = 4; lastKnownFileType = sourcecode.cpp.cpp; path = linkedlist_imp.cpp; sourceTree = "<group>"; };
		9AF476A51C7CC14C002CFF52 /* node.h */ = {isa = PBXFileReference; fileEncoding = 4; lastKnownFileType = sourcecode.c.h; path = node.h; sourceTree = "<group>"; };
/* End PBXFileReference section */

/* Begin PBXFrameworksBuildPhase section */
		9AF476951C7CBF03002CFF52 /* Frameworks */ = {
			isa = PBXFrameworksBuildPhase;
			buildActionMask = 2147483647;
			files = (
			);
			runOnlyForDeploymentPostprocessing = 0;
		};
/* End PBXFrameworksBuildPhase section */

/* Begin PBXGroup section */
		9AF4768F1C7CBF03002CFF52 = {
			isa = PBXGroup;
			children = (
				9AF4769A1C7CBF03002CFF52 /* LinkedLists */,
				9AF476991C7CBF03002CFF52 /* Products */,
			);
			sourceTree = "<group>";
		};
		9AF476991C7CBF03002CFF52 /* Products */ = {
			isa = PBXGroup;
			children = (
				9AF476981C7CBF03002CFF52 /* LinkedLists */,
			);
			name = Products;
			sourceTree = "<group>";
		};
		9AF4769A1C7CBF03002CFF52 /* LinkedLists */ = {
			isa = PBXGroup;
			children = (
				9AF4769B1C7CBF03002CFF52 /* main.cpp */,
				9AF476A21C7CBF4C002CFF52 /* linkedlist.h */,
				9AF476A31C7CBFE6002CFF52 /* linkedlist_imp.cpp */,
				9AF476A51C7CC14C002CFF52 /* node.h */,
			);
			path = LinkedLists;
			sourceTree = "<group>";
		};
/* End PBXGroup section */

/* Begin PBXNativeTarget section */
		9AF476971C7CBF03002CFF52 /* LinkedLists */ = {
			isa = PBXNativeTarget;
			buildConfigurationList = 9AF4769F1C7CBF03002CFF52 /* Build configuration list for PBXNativeTarget "LinkedLists" */;
			buildPhases = (
				9AF476941C7CBF03002CFF52 /* Sources */,
				9AF476951C7CBF03002CFF52 /* Frameworks */,
				9AF476961C7CBF03002CFF52 /* CopyFiles */,
			);
			buildRules = (
			);
			dependencies = (
			);
			name = LinkedLists;
			productName = LinkedLists;
			productReference = 9AF476981C7CBF03002CFF52 /* LinkedLists */;
			productType = "com.apple.product-type.tool";
		};
/* End PBXNativeTarget section */

/* Begin PBXProject section */
		9AF476901C7CBF03002CFF52 /* Project object */ = {
			isa = PBXProject;
			attributes = {
				LastUpgradeCheck = 0720;
				ORGANIZATIONNAME = Somnibyte;
				TargetAttributes = {
					9AF476971C7CBF03002CFF52 = {
						CreatedOnToolsVersion = 7.2.1;
					};
				};
			};
			buildConfigurationList = 9AF476931C7CBF03002CFF52 /* Build configuration list for PBXProject "LinkedLists" */;
			compatibilityVersion = "Xcode 3.2";
			developmentRegion = English;
			hasScannedForEncodings = 0;
			knownRegions = (
				en,
			);
			mainGroup = 9AF4768F1C7CBF03002CFF52;
			productRefGroup = 9AF476991C7CBF03002CFF52 /* Products */;
			projectDirPath = "";
			projectRoot = "";
			targets = (
				9AF476971C7CBF03002CFF52 /* LinkedLists */,
			);
		};
/* End PBXProject section */

/* Begin PBXSourcesBuildPhase section */
		9AF476941C7CBF03002CFF52 /* Sources */ = {
			isa = PBXSourcesBuildPhase;
			buildActionMask = 2147483647;
			files = (
				9AF4769C1C7CBF03002CFF52 /* main.cpp in Sources */,
				9AF476A41C7CBFE6002CFF52 /* linkedlist_imp.cpp in Sources */,
			);
			runOnlyForDeploymentPostprocessing = 0;
		};
/* End PBXSourcesBuildPhase section */

/* Begin XCBuildConfiguration section */
		9AF4769D1C7CBF03002CFF52 /* Debug */ = {
			isa = XCBuildConfiguration;
			buildSettings = {
				ALWAYS_SEARCH_USER_PATHS = NO;
				CLANG_CXX_LANGUAGE_STANDARD = "gnu++0x";
				CLANG_CXX_LIBRARY = "libc++";
				CLANG_ENABLE_MODULES = YES;
				CLANG_ENABLE_OBJC_ARC = YES;
				CLANG_WARN_BOOL_CONVERSION = YES;
				CLANG_WARN_CONSTANT_CONVERSION = YES;
				CLANG_WARN_DIRECT_OBJC_ISA_USAGE = YES_ERROR;
				CLANG_WARN_EMPTY_BODY = YES;
				CLANG_WARN_ENUM_CONVERSION = YES;
				CLANG_WARN_INT_CONVERSION = YES;
				CLANG_WARN_OBJC_ROOT_CLASS = YES_ERROR;
				CLANG_WARN_UNREACHABLE_CODE = YES;
				CLANG_WARN__DUPLICATE_METHOD_MATCH = YES;
				CODE_SIGN_IDENTITY = "-";
				COPY_PHASE_STRIP = NO;
				DEBUG_INFORMATION_FORMAT = dwarf;
				ENABLE_STRICT_OBJC_MSGSEND = YES;
				ENABLE_TESTABILITY = YES;
				GCC_C_LANGUAGE_STANDARD = gnu99;
				GCC_DYNAMIC_NO_PIC = NO;
				GCC_NO_COMMON_BLOCKS = YES;
				GCC_OPTIMIZATION_LEVEL = 0;
				GCC_PREPROCESSOR_DEFINITIONS = (
					"DEBUG=1",
					"$(inherited)",
				);
				GCC_WARN_64_TO_32_BIT_CONVERSION = YES;
				GCC_WARN_ABOUT_RETURN_TYPE = YES_ERROR;
				GCC_WARN_UNDECLARED_SELECTOR = YES;
				GCC_WARN_UNINITIALIZED_AUTOS = YES_AGGRESSIVE;
				GCC_WARN_UNUSED_FUNCTION = YES;
				GCC_WARN_UNUSED_VARIABLE = YES;
				MACOSX_DEPLOYMENT_TARGET = 10.11;
				MTL_ENABLE_DEBUG_INFO = YES;
				ONLY_ACTIVE_ARCH = YES;
				SDKROOT = macosx;
			};
			name = Debug;
		};
		9AF4769E1C7CBF03002CFF52 /* Release */ = {
			isa = XCBuildConfiguration;
			buildSettings = {
				ALWAYS_SEARCH_USER_PATHS = NO;
				CLANG_CXX_LANGUAGE_STANDARD = "gnu++0x";
				CLANG_CXX_LIBRARY = "libc++";
				CLANG_ENABLE_MODULES = YES;
				CLANG_ENABLE_OBJC_ARC = YES;
				CLANG_WARN_BOOL_CONVERSION = YES;
				CLANG_WARN_CONSTANT_CONVERSION = YES;
				CLANG_WARN_DIRECT_OBJC_ISA_USAGE = YES_ERROR;
				CLANG_WARN_EMPTY_BODY = YES;
				CLANG_WARN_ENUM_CONVERSION = YES;
				CLANG_WARN_INT_CONVERSION = YES;
				CLANG_WARN_OBJC_ROOT_CLASS = YES_ERROR;
				CLANG_WARN_UNREACHABLE_CODE = YES;
				CLANG_WARN__DUPLICATE_METHOD_MATCH = YES;
				CODE_SIGN_IDENTITY = "-";
				COPY_PHASE_STRIP = NO;
				DEBUG_INFORMATION_FORMAT = "dwarf-with-dsym";
				ENABLE_NS_ASSERTIONS = NO;
				ENABLE_STRICT_OBJC_MSGSEND = YES;
				GCC_C_LANGUAGE_STANDARD = gnu99;
				GCC_NO_COMMON_BLOCKS = YES;
				GCC_WARN_64_TO_32_BIT_CONVERSION = YES;
				GCC_WARN_ABOUT_RETURN_TYPE = YES_ERROR;
				GCC_WARN_UNDECLARED_SELECTOR = YES;
				GCC_WARN_UNINITIALIZED_AUTOS = YES_AGGRESSIVE;
				GCC_WARN_UNUSED_FUNCTION = YES;
				GCC_WARN_UNUSED_VARIABLE = YES;
				MACOSX_DEPLOYMENT_TARGET = 10.11;
				MTL_ENABLE_DEBUG_INFO = NO;
				SDKROOT = macosx;
			};
			name = Release;
		};
		9AF476A01C7CBF03002CFF52 /* Debug */ = {
			isa = XCBuildConfiguration;
			buildSettings = {
				PRODUCT_NAME = "$(TARGET_NAME)";
			};
			name = Debug;
		};
		9AF476A11C7CBF03002CFF52 /* Release */ = {
			isa = XCBuildConfiguration;
			buildSettings = {
				PRODUCT_NAME = "$(TARGET_NAME)";
			};
			name = Release;
		};
/* End XCBuildConfiguration section */

/* Begin XCConfigurationList section */
		9AF476931C7CBF03002CFF52 /* Build configuration list for PBXProject "LinkedLists" */ = {
			isa = XCConfigurationList;
			buildConfigurations = (
				9AF4769D1C7CBF03002CFF52 /* Debug */,
				9AF4769E1C7CBF03002CFF52 /* Release */,
			);
			defaultConfigurationIsVisible = 0;
			defaultConfigurationName = Release;
		};
		9AF4769F1C7CBF03002CFF52 /* Build configuration list for PBXNativeTarget "LinkedLists" */ = {
			isa = XCConfigurationList;
			buildConfigurations = (
				9AF476A01C7CBF03002CFF52 /* Debug */,
				9AF476A11C7CBF03002CFF52 /* Release */,
			);
			defaultConfigurationIsVisible = 0;
		};
/* End XCConfigurationList section */
	};
	rootObject = 9AF476901C7CBF03002CFF52 /* Project object */;
}
